
Microsoft Visual Studio Solution File, Format Version 12.00
# Visual Studio Version 17
VisualStudioVersion = 17.10.34928.147
MinimumVisualStudioVersion = 10.0.40219.1
Project("{FAE04EC0-301F-11D3-BF4B-00C04F79EFBC}") = "MQSLegal", "MQSLegal\MQSLegal.csproj", "{3EB66165-DFA4-4B59-A306-CF7BBC499FA5}"
EndProject
Global
	GlobalSection(SolutionConfigurationPlatforms) = preSolution
		Debug|Any CPU = Debug|Any CPU
		Release|Any CPU = Release|Any CPU
	EndGlobalSection
	GlobalSection(ProjectConfigurationPlatforms) = postSolution
		{3EB66165-DFA4-4B59-A306-CF7BBC499FA5}.Debug|Any CPU.ActiveCfg = Debug|Any CPU
		{3EB66165-DFA4-4B59-A306-CF7BBC499FA5}.Debug|Any CPU.Build.0 = Debug|Any CPU
		{3EB66165-DFA4-4B59-A306-CF7BBC499FA5}.Debug|Any CPU.Deploy.0 = Debug|Any CPU
		{3EB66165-DFA4-4B59-A306-CF7BBC499FA5}.Release|Any CPU.ActiveCfg = Release|Any CPU
		{3EB66165-DFA4-4B59-A306-CF7BBC499FA5}.Release|Any CPU.Build.0 = Release|Any CPU
		{3EB66165-DFA4-4B59-A306-CF7BBC499FA5}.Release|Any CPU.Deploy.0 = Release|Any CPU
	EndGlobalSection
	GlobalSection(SolutionProperties) = preSolution
		HideSolutionNode = FALSE
	EndGlobalSection
	GlobalSection(ExtensibilityGlobals) = postSolution
		SolutionGuid = {3ABB5AAA-ED48-4979-9670-46EB830CD220}
	EndGlobalSection
EndGlobal
